
Microsoft Visual Studio Solution File, Format Version 12.00
# Visual Studio Version 16
VisualStudioVersion = 16.0.30320.27
MinimumVisualStudioVersion = 10.0.40219.1
Project("{FAE04EC0-301F-11D3-BF4B-00C04F79EFBC}") = "App_Jquery_0908", "App_Jquery_0908\App_Jquery_0908.csproj", "{776C0BA0-0003-4637-9CEC-245904F27E01}"
EndProject
Global
	GlobalSection(SolutionConfigurationPlatforms) = preSolution
		Debug|Any CPU = Debug|Any CPU
		Release|Any CPU = Release|Any CPU
	EndGlobalSection
	GlobalSection(ProjectConfigurationPlatforms) = postSolution
		{776C0BA0-0003-4637-9CEC-245904F27E01}.Debug|Any CPU.ActiveCfg = Debug|Any CPU
		{776C0BA0-0003-4637-9CEC-245904F27E01}.Debug|Any CPU.Build.0 = Debug|Any CPU
		{776C0BA0-0003-4637-9CEC-245904F27E01}.Release|Any CPU.ActiveCfg = Release|Any CPU
		{776C0BA0-0003-4637-9CEC-245904F27E01}.Release|Any CPU.Build.0 = Release|Any CPU
	EndGlobalSection
	GlobalSection(SolutionProperties) = preSolution
		HideSolutionNode = FALSE
	EndGlobalSection
	GlobalSection(ExtensibilityGlobals) = postSolution
		SolutionGuid = {B1E24AEF-018B-4CD8-90F9-6D373EB93F46}
	EndGlobalSection
EndGlobal
